{
  "name": "core",
  "version": "1.0.0",
  "lockfileVersion": 3,
  "requires": true,
  "packages": {
    "": {
      "name": "core",
      "version": "1.0.0",
      "license": "ISC",
      "dependencies": {
        "@saradafuture/data-table": "^1.11.0"
      }
    },
    "node_modules/@saradafuture/data-table": {
      "version": "1.11.0",
      "resolved": "https://registry.npmjs.org/@saradafuture/data-table/-/data-table-1.11.0.tgz",
      "integrity": "sha512-y9lm8C0GWgm3GWleEvjiilpieeoywdf4A66FZBSV/+nNaTu8cCsEy1NooeaDEp0p9spGmE5ayBiB1aO1KQL99g==",
      "workspaces": [
        "packages/*"
      ]
    }
  }
}
